
Microsoft Visual Studio Solution File, Format Version 12.00
# Visual Studio Version 16
VisualStudioVersion = 16.0.31005.135
MinimumVisualStudioVersion = 10.0.40219.1
Project("{FAE04EC0-301F-11D3-BF4B-00C04F79EFBC}") = "ScreenShot", "ScreenShot\ScreenShot.csproj", "{C599A213-1968-4F00-839F-921AE2028C3C}"
EndProject
Global
	GlobalSection(SolutionConfigurationPlatforms) = preSolution
		Debug|Any CPU = Debug|Any CPU
		Release|Any CPU = Release|Any CPU
	EndGlobalSection
	GlobalSection(ProjectConfigurationPlatforms) = postSolution
		{C599A213-1968-4F00-839F-921AE2028C3C}.Debug|Any CPU.ActiveCfg = Debug|Any CPU
		{C599A213-1968-4F00-839F-921AE2028C3C}.Debug|Any CPU.Build.0 = Debug|Any CPU
		{C599A213-1968-4F00-839F-921AE2028C3C}.Release|Any CPU.ActiveCfg = Release|Any CPU
		{C599A213-1968-4F00-839F-921AE2028C3C}.Release|Any CPU.Build.0 = Release|Any CPU
	EndGlobalSection
	GlobalSection(SolutionProperties) = preSolution
		HideSolutionNode = FALSE
	EndGlobalSection
	GlobalSection(ExtensibilityGlobals) = postSolution
		SolutionGuid = {0DF6754C-24E6-44A5-9EC0-894B2CBBD0A9}
	EndGlobalSection
EndGlobal
