
Microsoft Visual Studio Solution File, Format Version 12.00
# Visual Studio Version 16
VisualStudioVersion = 16.0.31005.135
MinimumVisualStudioVersion = 10.0.40219.1
Project("{FAE04EC0-301F-11D3-BF4B-00C04F79EFBC}") = "ProgressBar", "ProgressBar\ProgressBar.csproj", "{6228770B-48D5-4914-BED0-AB8B6EE3BAC8}"
EndProject
Global
	GlobalSection(SolutionConfigurationPlatforms) = preSolution
		Debug|Any CPU = Debug|Any CPU
		Release|Any CPU = Release|Any CPU
	EndGlobalSection
	GlobalSection(ProjectConfigurationPlatforms) = postSolution
		{6228770B-48D5-4914-BED0-AB8B6EE3BAC8}.Debug|Any CPU.ActiveCfg = Debug|Any CPU
		{6228770B-48D5-4914-BED0-AB8B6EE3BAC8}.Debug|Any CPU.Build.0 = Debug|Any CPU
		{6228770B-48D5-4914-BED0-AB8B6EE3BAC8}.Release|Any CPU.ActiveCfg = Release|Any CPU
		{6228770B-48D5-4914-BED0-AB8B6EE3BAC8}.Release|Any CPU.Build.0 = Release|Any CPU
	EndGlobalSection
	GlobalSection(SolutionProperties) = preSolution
		HideSolutionNode = FALSE
	EndGlobalSection
	GlobalSection(ExtensibilityGlobals) = postSolution
		SolutionGuid = {CE0304B5-D452-4B65-A468-40143E718B35}
	EndGlobalSection
EndGlobal
