
Microsoft Visual Studio Solution File, Format Version 12.00
# Visual Studio Version 16
VisualStudioVersion = 16.0.31005.135
MinimumVisualStudioVersion = 10.0.40219.1
Project("{FAE04EC0-301F-11D3-BF4B-00C04F79EFBC}") = "AnimatedWindow", "AnimatedWindow\AnimatedWindow.csproj", "{C3924A63-5713-46A4-990D-B18705E4330B}"
EndProject
Global
	GlobalSection(SolutionConfigurationPlatforms) = preSolution
		Debug|Any CPU = Debug|Any CPU
		Release|Any CPU = Release|Any CPU
	EndGlobalSection
	GlobalSection(ProjectConfigurationPlatforms) = postSolution
		{C3924A63-5713-46A4-990D-B18705E4330B}.Debug|Any CPU.ActiveCfg = Debug|Any CPU
		{C3924A63-5713-46A4-990D-B18705E4330B}.Debug|Any CPU.Build.0 = Debug|Any CPU
		{C3924A63-5713-46A4-990D-B18705E4330B}.Release|Any CPU.ActiveCfg = Release|Any CPU
		{C3924A63-5713-46A4-990D-B18705E4330B}.Release|Any CPU.Build.0 = Release|Any CPU
	EndGlobalSection
	GlobalSection(SolutionProperties) = preSolution
		HideSolutionNode = FALSE
	EndGlobalSection
	GlobalSection(ExtensibilityGlobals) = postSolution
		SolutionGuid = {2B48267E-8CD5-45D1-902F-7DFEE6E87DDF}
	EndGlobalSection
EndGlobal
